PODS:
  - Alamofire (5.6.2)
  - KakaoSDKAuth (2.11.1):
    - KakaoSDKCommon (= 2.11.1)
  - KakaoSDKCommon (2.11.1):
    - KakaoSDKCommon/Common (= 2.11.1)
    - KakaoSDKCommon/Network (= 2.11.1)
  - KakaoSDKCommon/Common (2.11.1)
  - KakaoSDKCommon/Network (2.11.1):
    - Alamofire (~> 5.1)
    - KakaoSDKCommon/Common (= 2.11.1)
  - KakaoSDKUser (2.11.1):
    - KakaoSDKAuth (= 2.11.1)

DEPENDENCIES:
  - KakaoSDKAuth
  - KakaoSDKCommon
  - KakaoSDKUser

SPEC REPOS:
  trunk:
    - Alamofire
    - KakaoSDKAuth
    - KakaoSDKCommon
    - KakaoSDKUser

SPEC CHECKSUMS:
  Alamofire: d368e1ff8a298e6dde360e35a3e68e6c610e7204
  KakaoSDKAuth: bb2dfa7be30daa8403c9cfc8001aa6fde7a5b779
  KakaoSDKCommon: 555e1bb46595b842ded01cf7888cc17bbae4e113
  KakaoSDKUser: 08c0a4f40bebdebdf948a9e3d0e44ed5c2754f99

PODFILE CHECKSUM: a98c371d442e2c07bf64fbb62bf77dff3a47d89f

COCOAPODS: 1.11.3
