// !$*UTF8*$!
{
	archiveVersion = 1;
	classes = {
	};
	objectVersion = 55;
	objects = {

/* Begin PBXBuildFile section */
		08652CEE8E7190F66B9209DB /* Pods_BeHang.framework in Frameworks */ = {isa = PBXBuildFile; fileRef = A2CCFCE1580A0A74C45ED25D /* Pods_BeHang.framework */; };
		0E6517C428A3ED95006F4917 /* PostView.storyboard in Resources */ = {isa = PBXBuildFile; fileRef = 0E6517C328A3ED95006F4917 /* PostView.storyboard */; };
		0E6517C828A40A98006F4917 /* PostPhotoCell.swift in Sources */ = {isa = PBXBuildFile; fileRef = 0E6517C728A40A98006F4917 /* PostPhotoCell.swift */; };
		0E6517CB28A4129D006F4917 /* PostCollectionReusableView.swift in Sources */ = {isa = PBXBuildFile; fileRef = 0E6517C928A4129D006F4917 /* PostCollectionReusableView.swift */; };
		0E6517CE28A558B7006F4917 /* PlaceListView.storyboard in Resources */ = {isa = PBXBuildFile; fileRef = 0E6517CD28A558B7006F4917 /* PlaceListView.storyboard */; };
		0E6517D028A560D9006F4917 /* PhotoCell.swift in Sources */ = {isa = PBXBuildFile; fileRef = 0E6517CF28A560D9006F4917 /* PhotoCell.swift */; };
		0E6517D428ACEC62006F4917 /* ListCell.swift in Sources */ = {isa = PBXBuildFile; fileRef = 0E6517D328ACEC62006F4917 /* ListCell.swift */; };
		0E6517D628AD275C006F4917 /* PlaceInfo.swift in Sources */ = {isa = PBXBuildFile; fileRef = 0E6517D528AD275B006F4917 /* PlaceInfo.swift */; };
		0E7C92922892DD2B00823A9E /* AppDelegate.swift in Sources */ = {isa = PBXBuildFile; fileRef = 0E7C92912892DD2B00823A9E /* AppDelegate.swift */; };
		0E7C92942892DD2B00823A9E /* SceneDelegate.swift in Sources */ = {isa = PBXBuildFile; fileRef = 0E7C92932892DD2B00823A9E /* SceneDelegate.swift */; };
		0E7C92962892DD2B00823A9E /* ViewController.swift in Sources */ = {isa = PBXBuildFile; fileRef = 0E7C92952892DD2B00823A9E /* ViewController.swift */; };
		0E7C92992892DD2B00823A9E /* LoginView.storyboard in Resources */ = {isa = PBXBuildFile; fileRef = 0E7C92972892DD2B00823A9E /* LoginView.storyboard */; };
		0E7C929B2892DD2D00823A9E /* Assets.xcassets in Resources */ = {isa = PBXBuildFile; fileRef = 0E7C929A2892DD2D00823A9E /* Assets.xcassets */; };
		0E7C92AC2893A1B600823A9E /* HomeTab.storyboard in Resources */ = {isa = PBXBuildFile; fileRef = 0E7C92AB2893A1B600823A9E /* HomeTab.storyboard */; };
		0E7C92AE2893A1DB00823A9E /* MapTab.storyboard in Resources */ = {isa = PBXBuildFile; fileRef = 0E7C92AD2893A1DB00823A9E /* MapTab.storyboard */; };
		0E7C92B02893A1E500823A9E /* FlagTab.storyboard in Resources */ = {isa = PBXBuildFile; fileRef = 0E7C92AF2893A1E500823A9E /* FlagTab.storyboard */; };
		0E7C92B22893A1F000823A9E /* UserTab.storyboard in Resources */ = {isa = PBXBuildFile; fileRef = 0E7C92B12893A1F000823A9E /* UserTab.storyboard */; };
		0E7C92B42893A21300823A9E /* TabViewController.swift in Sources */ = {isa = PBXBuildFile; fileRef = 0E7C92B32893A21300823A9E /* TabViewController.swift */; };
		0E7C92B62893A24000823A9E /* HomeViewController.swift in Sources */ = {isa = PBXBuildFile; fileRef = 0E7C92B52893A24000823A9E /* HomeViewController.swift */; };
		0E7C92B82893A26900823A9E /* MapViewController.swift in Sources */ = {isa = PBXBuildFile; fileRef = 0E7C92B72893A26900823A9E /* MapViewController.swift */; };
		0E7C92BA2893A27800823A9E /* FlagViewController.swift in Sources */ = {isa = PBXBuildFile; fileRef = 0E7C92B92893A27800823A9E /* FlagViewController.swift */; };
		0E7C92BC2893A28C00823A9E /* UserViewController.swift in Sources */ = {isa = PBXBuildFile; fileRef = 0E7C92BB2893A28C00823A9E /* UserViewController.swift */; };
		0E7C92C02893BEA300823A9E /* UploadViewController.swift in Sources */ = {isa = PBXBuildFile; fileRef = 0E7C92BF2893BEA300823A9E /* UploadViewController.swift */; };
		0E8A88102893C78C00E04853 /* UploadView.storyboard in Resources */ = {isa = PBXBuildFile; fileRef = 0E8A880F2893C78C00E04853 /* UploadView.storyboard */; };
		0E8A88122895054900E04853 /* PlaceListViewController.swift in Sources */ = {isa = PBXBuildFile; fileRef = 0E8A88112895054900E04853 /* PlaceListViewController.swift */; };
		0E97832428B3A730007DFE30 /* SettingCell.swift in Sources */ = {isa = PBXBuildFile; fileRef = 0E97832328B3A730007DFE30 /* SettingCell.swift */; };
		0EA3B862289987FF00CF2AD8 /* Photos.xcassets in Resources */ = {isa = PBXBuildFile; fileRef = 0EA3B861289987FF00CF2AD8 /* Photos.xcassets */; };
		0EA3B8642899880C00CF2AD8 /* Photos.plist in Resources */ = {isa = PBXBuildFile; fileRef = 0EA3B8632899880C00CF2AD8 /* Photos.plist */; };
		0EAA91EF28AE89DF00963AF1 /* LoadingCollectionView.swift in Sources */ = {isa = PBXBuildFile; fileRef = 0EAA91ED28AE89DF00963AF1 /* LoadingCollectionView.swift */; };
		0EAA91F028AE89DF00963AF1 /* LoadingCollectionView.xib in Resources */ = {isa = PBXBuildFile; fileRef = 0EAA91EE28AE89DF00963AF1 /* LoadingCollectionView.xib */; };
		0EAC734A28B11A1B00C7ED4F /* LaunchView.storyboard in Resources */ = {isa = PBXBuildFile; fileRef = 0EAC734928B11A1B00C7ED4F /* LaunchView.storyboard */; };
		0EAC734C28B11A3A00C7ED4F /* LaunchViewController.swift in Sources */ = {isa = PBXBuildFile; fileRef = 0EAC734B28B11A3A00C7ED4F /* LaunchViewController.swift */; };
		0EAC734F28B11EE900C7ED4F /* LaunchScreen.storyboard in Resources */ = {isa = PBXBuildFile; fileRef = 0EAC734D28B11EE900C7ED4F /* LaunchScreen.storyboard */; };
		0EAC735428B1298900C7ED4F /* Main.storyboard in Resources */ = {isa = PBXBuildFile; fileRef = 0EAC735328B1298900C7ED4F /* Main.storyboard */; };
		0EBFEA4828A09CBC00B5340D /* SettingView.storyboard in Resources */ = {isa = PBXBuildFile; fileRef = 0EBFEA4728A09CBC00B5340D /* SettingView.storyboard */; };
		0EBFEA4A28A09D2F00B5340D /* SettingViewController.swift in Sources */ = {isa = PBXBuildFile; fileRef = 0EBFEA4928A09D2F00B5340D /* SettingViewController.swift */; };
		0EBFEA4E28A1591100B5340D /* ImageInfo.swift in Sources */ = {isa = PBXBuildFile; fileRef = 0EBFEA4D28A1591100B5340D /* ImageInfo.swift */; };
		0EBFEA5028A159D800B5340D /* ImageViewModel.swift in Sources */ = {isa = PBXBuildFile; fileRef = 0EBFEA4F28A159D800B5340D /* ImageViewModel.swift */; };
		0EF5B5DE28AF4F1300E18A71 /* map_pinup_custom@3x.png in Resources */ = {isa = PBXBuildFile; fileRef = 0EF5B5B928AF4F1300E18A71 /* map_pinup_custom@3x.png */; };
		0EF5B5DF28AF4F1300E18A71 /* map_pin_custom.png in Resources */ = {isa = PBXBuildFile; fileRef = 0EF5B5BA28AF4F1300E18A71 /* map_pin_custom.png */; };
		0EF5B5E028AF4F1300E18A71 /* shadow_balloon.png in Resources */ = {isa = PBXBuildFile; fileRef = 0EF5B5BB28AF4F1300E18A71 /* shadow_balloon.png */; };
		0EF5B5E128AF4F1300E18A71 /* map_pinup.png in Resources */ = {isa = PBXBuildFile; fileRef = 0EF5B5BC28AF4F1300E18A71 /* map_pinup.png */; };
		0EF5B5E228AF4F1300E18A71 /* detail_button.png in Resources */ = {isa = PBXBuildFile; fileRef = 0EF5B5BD28AF4F1300E18A71 /* detail_button.png */; };
		0EF5B5E328AF4F1300E18A71 /* map_pin_custom@3x.png in Resources */ = {isa = PBXBuildFile; fileRef = 0EF5B5BE28AF4F1300E18A71 /* map_pin_custom@3x.png */; };
		0EF5B5E428AF4F1300E18A71 /* map_pinup@3x.png in Resources */ = {isa = PBXBuildFile; fileRef = 0EF5B5BF28AF4F1300E18A71 /* map_pinup@3x.png */; };
		0EF5B5E528AF4F1300E18A71 /* map_pin_shadow@3x.png in Resources */ = {isa = PBXBuildFile; fileRef = 0EF5B5C028AF4F1300E18A71 /* map_pin_shadow@3x.png */; };
		0EF5B5E628AF4F1300E18A71 /* copyright.png in Resources */ = {isa = PBXBuildFile; fileRef = 0EF5B5C128AF4F1300E18A71 /* copyright.png */; };
		0EF5B5E728AF4F1300E18A71 /* th_line.png in Resources */ = {isa = PBXBuildFile; fileRef = 0EF5B5C228AF4F1300E18A71 /* th_line.png */; };
		0EF5B5E828AF4F1300E18A71 /* map_pin_red@3x.png in Resources */ = {isa = PBXBuildFile; fileRef = 0EF5B5C328AF4F1300E18A71 /* map_pin_red@3x.png */; };
		0EF5B5E928AF4F1300E18A71 /* daum_copyright.png in Resources */ = {isa = PBXBuildFile; fileRef = 0EF5B5C428AF4F1300E18A71 /* daum_copyright.png */; };
		0EF5B5EA28AF4F1300E18A71 /* map_pin@3x.png in Resources */ = {isa = PBXBuildFile; fileRef = 0EF5B5C528AF4F1300E18A71 /* map_pin@3x.png */; };
		0EF5B5EB28AF4F1300E18A71 /* map_present_tracking.png in Resources */ = {isa = PBXBuildFile; fileRef = 0EF5B5C628AF4F1300E18A71 /* map_present_tracking.png */; };
		0EF5B5EC28AF4F1300E18A71 /* map_pin_red.png in Resources */ = {isa = PBXBuildFile; fileRef = 0EF5B5C728AF4F1300E18A71 /* map_pin_red.png */; };
		0EF5B5ED28AF4F1300E18A71 /* info_box.png in Resources */ = {isa = PBXBuildFile; fileRef = 0EF5B5D128AF4F1300E18A71 /* info_box.png */; };
		0EF5B5EE28AF4F1300E18A71 /* point_sprite.png in Resources */ = {isa = PBXBuildFile; fileRef = 0EF5B5D228AF4F1300E18A71 /* point_sprite.png */; };
		0EF5B5EF28AF4F1300E18A71 /* map_pinup_custom.png in Resources */ = {isa = PBXBuildFile; fileRef = 0EF5B5D328AF4F1300E18A71 /* map_pinup_custom.png */; };
		0EF5B5F028AF4F1300E18A71 /* info_box_tail.png in Resources */ = {isa = PBXBuildFile; fileRef = 0EF5B5D428AF4F1300E18A71 /* info_box_tail.png */; };
		0EF5B5F128AF4F1300E18A71 /* noimage256.png in Resources */ = {isa = PBXBuildFile; fileRef = 0EF5B5D528AF4F1300E18A71 /* noimage256.png */; };
		0EF5B5F228AF4F1300E18A71 /* map_present_direction.png in Resources */ = {isa = PBXBuildFile; fileRef = 0EF5B5D628AF4F1300E18A71 /* map_present_direction.png */; };
		0EF5B5F328AF4F1300E18A71 /* map_pin.png in Resources */ = {isa = PBXBuildFile; fileRef = 0EF5B5D728AF4F1300E18A71 /* map_pin.png */; };
		0EF5B5F428AF4F1300E18A71 /* map_present.png in Resources */ = {isa = PBXBuildFile; fileRef = 0EF5B5D828AF4F1300E18A71 /* map_present.png */; };
		0EF5B5F528AF4F1300E18A71 /* noimage.png in Resources */ = {isa = PBXBuildFile; fileRef = 0EF5B5D928AF4F1300E18A71 /* noimage.png */; };
		0EF5B5F628AF4F1300E18A71 /* map_present_background_update.png in Resources */ = {isa = PBXBuildFile; fileRef = 0EF5B5DA28AF4F1300E18A71 /* map_present_background_update.png */; };
		0EF5B5F728AF4F1300E18A71 /* daum_th_line.png in Resources */ = {isa = PBXBuildFile; fileRef = 0EF5B5DB28AF4F1300E18A71 /* daum_th_line.png */; };
		0EF5B5F828AF4F1300E18A71 /* map_pin_shadow.png in Resources */ = {isa = PBXBuildFile; fileRef = 0EF5B5DC28AF4F1300E18A71 /* map_pin_shadow.png */; };
		0EF5B5F928AF4F1300E18A71 /* DaumMap.framework in Frameworks */ = {isa = PBXBuildFile; fileRef = 0EF5B5DD28AF4F1300E18A71 /* DaumMap.framework */; };
		0EF5B5FB28AF4F8900E18A71 /* OpenGLES.framework in Frameworks */ = {isa = PBXBuildFile; fileRef = 0EF5B5FA28AF4F8900E18A71 /* OpenGLES.framework */; };
		0EF5B5FD28AF4FA000E18A71 /* SystemConfiguration.framework in Frameworks */ = {isa = PBXBuildFile; fileRef = 0EF5B5FC28AF4FA000E18A71 /* SystemConfiguration.framework */; };
		0EF5B5FF28AF4FAB00E18A71 /* CoreLocation.framework in Frameworks */ = {isa = PBXBuildFile; fileRef = 0EF5B5FE28AF4FAB00E18A71 /* CoreLocation.framework */; };
		0EF5B60128AF4FB300E18A71 /* QuartzCore.framework in Frameworks */ = {isa = PBXBuildFile; fileRef = 0EF5B60028AF4FB300E18A71 /* QuartzCore.framework */; };
		0EF5B60328AF4FD100E18A71 /* libc++.tbd in Frameworks */ = {isa = PBXBuildFile; fileRef = 0EF5B60228AF4FC100E18A71 /* libc++.tbd */; };
		0EF5B60528AF4FE500E18A71 /* libxml2.tbd in Frameworks */ = {isa = PBXBuildFile; fileRef = 0EF5B60428AF4FDD00E18A71 /* libxml2.tbd */; };
		0EF5B60728AF4FF700E18A71 /* libsqlite3.tbd in Frameworks */ = {isa = PBXBuildFile; fileRef = 0EF5B60628AF4FEF00E18A71 /* libsqlite3.tbd */; };
		0EF5B60928AF643000E18A71 /* MapSearchView.storyboard in Resources */ = {isa = PBXBuildFile; fileRef = 0EF5B60828AF643000E18A71 /* MapSearchView.storyboard */; };
		0EF5B60D28AF662600E18A71 /* PostViewController.swift in Sources */ = {isa = PBXBuildFile; fileRef = 0EF5B60C28AF662600E18A71 /* PostViewController.swift */; };
		0EF5B60F28AF66E500E18A71 /* MapSearchViewController.swift in Sources */ = {isa = PBXBuildFile; fileRef = 0EF5B60E28AF66E500E18A71 /* MapSearchViewController.swift */; };
/* End PBXBuildFile section */

/* Begin PBXFileReference section */
		0E6517C328A3ED95006F4917 /* PostView.storyboard */ = {isa = PBXFileReference; lastKnownFileType = file.storyboard; path = PostView.storyboard; sourceTree = "<group>"; };
		0E6517C728A40A98006F4917 /* PostPhotoCell.swift */ = {isa = PBXFileReference; lastKnownFileType = sourcecode.swift; path = PostPhotoCell.swift; sourceTree = "<group>"; };
		0E6517C928A4129D006F4917 /* PostCollectionReusableView.swift */ = {isa = PBXFileReference; lastKnownFileType = sourcecode.swift; path = PostCollectionReusableView.swift; sourceTree = "<group>"; };
		0E6517CD28A558B7006F4917 /* PlaceListView.storyboard */ = {isa = PBXFileReference; fileEncoding = 4; lastKnownFileType = file.storyboard; path = PlaceListView.storyboard; sourceTree = "<group>"; };
		0E6517CF28A560D9006F4917 /* PhotoCell.swift */ = {isa = PBXFileReference; fileEncoding = 4; lastKnownFileType = sourcecode.swift; path = PhotoCell.swift; sourceTree = "<group>"; };
		0E6517D328ACEC62006F4917 /* ListCell.swift */ = {isa = PBXFileReference; lastKnownFileType = sourcecode.swift; path = ListCell.swift; sourceTree = "<group>"; };
		0E6517D528AD275B006F4917 /* PlaceInfo.swift */ = {isa = PBXFileReference; lastKnownFileType = sourcecode.swift; path = PlaceInfo.swift; sourceTree = "<group>"; };
		0E7C928E2892DD2B00823A9E /* BeHang.app */ = {isa = PBXFileReference; explicitFileType = wrapper.application; includeInIndex = 0; path = BeHang.app; sourceTree = BUILT_PRODUCTS_DIR; };
		0E7C92912892DD2B00823A9E /* AppDelegate.swift */ = {isa = PBXFileReference; lastKnownFileType = sourcecode.swift; path = AppDelegate.swift; sourceTree = "<group>"; };
		0E7C92932892DD2B00823A9E /* SceneDelegate.swift */ = {isa = PBXFileReference; lastKnownFileType = sourcecode.swift; path = SceneDelegate.swift; sourceTree = "<group>"; };
		0E7C92952892DD2B00823A9E /* ViewController.swift */ = {isa = PBXFileReference; lastKnownFileType = sourcecode.swift; path = ViewController.swift; sourceTree = "<group>"; };
		0E7C92982892DD2B00823A9E /* Base */ = {isa = PBXFileReference; lastKnownFileType = file.storyboard; name = Base; path = Base.lproj/LoginView.storyboard; sourceTree = "<group>"; };
		0E7C929A2892DD2D00823A9E /* Assets.xcassets */ = {isa = PBXFileReference; lastKnownFileType = folder.assetcatalog; path = Assets.xcassets; sourceTree = "<group>"; };
		0E7C929F2892DD2D00823A9E /* Info.plist */ = {isa = PBXFileReference; lastKnownFileType = text.plist.xml; path = Info.plist; sourceTree = "<group>"; };
		0E7C92AB2893A1B600823A9E /* HomeTab.storyboard */ = {isa = PBXFileReference; lastKnownFileType = file.storyboard; path = HomeTab.storyboard; sourceTree = "<group>"; };
		0E7C92AD2893A1DB00823A9E /* MapTab.storyboard */ = {isa = PBXFileReference; lastKnownFileType = file.storyboard; path = MapTab.storyboard; sourceTree = "<group>"; };
		0E7C92AF2893A1E500823A9E /* FlagTab.storyboard */ = {isa = PBXFileReference; lastKnownFileType = file.storyboard; path = FlagTab.storyboard; sourceTree = "<group>"; };
		0E7C92B12893A1F000823A9E /* UserTab.storyboard */ = {isa = PBXFileReference; lastKnownFileType = file.storyboard; path = UserTab.storyboard; sourceTree = "<group>"; };
		0E7C92B32893A21300823A9E /* TabViewController.swift */ = {isa = PBXFileReference; lastKnownFileType = sourcecode.swift; path = TabViewController.swift; sourceTree = "<group>"; };
		0E7C92B52893A24000823A9E /* HomeViewController.swift */ = {isa = PBXFileReference; lastKnownFileType = sourcecode.swift; path = HomeViewController.swift; sourceTree = "<group>"; };
		0E7C92B72893A26900823A9E /* MapViewController.swift */ = {isa = PBXFileReference; lastKnownFileType = sourcecode.swift; path = MapViewController.swift; sourceTree = "<group>"; };
		0E7C92B92893A27800823A9E /* FlagViewController.swift */ = {isa = PBXFileReference; lastKnownFileType = sourcecode.swift; path = FlagViewController.swift; sourceTree = "<group>"; };
		0E7C92BB2893A28C00823A9E /* UserViewController.swift */ = {isa = PBXFileReference; lastKnownFileType = sourcecode.swift; path = UserViewController.swift; sourceTree = "<group>"; };
		0E7C92BF2893BEA300823A9E /* UploadViewController.swift */ = {isa = PBXFileReference; lastKnownFileType = sourcecode.swift; path = UploadViewController.swift; sourceTree = "<group>"; };
		0E8A880F2893C78C00E04853 /* UploadView.storyboard */ = {isa = PBXFileReference; lastKnownFileType = file.storyboard; path = UploadView.storyboard; sourceTree = "<group>"; };
		0E8A88112895054900E04853 /* PlaceListViewController.swift */ = {isa = PBXFileReference; lastKnownFileType = sourcecode.swift; path = PlaceListViewController.swift; sourceTree = "<group>"; };
		0E97832328B3A730007DFE30 /* SettingCell.swift */ = {isa = PBXFileReference; lastKnownFileType = sourcecode.swift; path = SettingCell.swift; sourceTree = "<group>"; };
		0EA3B861289987FF00CF2AD8 /* Photos.xcassets */ = {isa = PBXFileReference; lastKnownFileType = folder.assetcatalog; path = Photos.xcassets; sourceTree = "<group>"; };
		0EA3B8632899880C00CF2AD8 /* Photos.plist */ = {isa = PBXFileReference; lastKnownFileType = text.plist.xml; path = Photos.plist; sourceTree = "<group>"; };
		0EAA91ED28AE89DF00963AF1 /* LoadingCollectionView.swift */ = {isa = PBXFileReference; lastKnownFileType = sourcecode.swift; path = LoadingCollectionView.swift; sourceTree = "<group>"; };
		0EAA91EE28AE89DF00963AF1 /* LoadingCollectionView.xib */ = {isa = PBXFileReference; lastKnownFileType = file.xib; path = LoadingCollectionView.xib; sourceTree = "<group>"; };
		0EAC734628B0B95C00C7ED4F /* BeHang.entitlements */ = {isa = PBXFileReference; lastKnownFileType = text.plist.entitlements; path = BeHang.entitlements; sourceTree = "<group>"; };
		0EAC734928B11A1B00C7ED4F /* LaunchView.storyboard */ = {isa = PBXFileReference; lastKnownFileType = file.storyboard; path = LaunchView.storyboard; sourceTree = "<group>"; };
		0EAC734B28B11A3A00C7ED4F /* LaunchViewController.swift */ = {isa = PBXFileReference; lastKnownFileType = sourcecode.swift; path = LaunchViewController.swift; sourceTree = "<group>"; };
		0EAC734E28B11EE900C7ED4F /* Base */ = {isa = PBXFileReference; lastKnownFileType = file.storyboard; name = Base; path = ../../../../../BeHang/BeHang/View/Base.lproj/LaunchScreen.storyboard; sourceTree = "<group>"; };
		0EAC735328B1298900C7ED4F /* Main.storyboard */ = {isa = PBXFileReference; fileEncoding = 4; lastKnownFileType = file.storyboard; path = Main.storyboard; sourceTree = "<group>"; };
		0EBFEA4728A09CBC00B5340D /* SettingView.storyboard */ = {isa = PBXFileReference; lastKnownFileType = file.storyboard; path = SettingView.storyboard; sourceTree = "<group>"; };
		0EBFEA4928A09D2F00B5340D /* SettingViewController.swift */ = {isa = PBXFileReference; lastKnownFileType = sourcecode.swift; path = SettingViewController.swift; sourceTree = "<group>"; };
		0EBFEA4D28A1591100B5340D /* ImageInfo.swift */ = {isa = PBXFileReference; lastKnownFileType = sourcecode.swift; path = ImageInfo.swift; sourceTree = "<group>"; };
		0EBFEA4F28A159D800B5340D /* ImageViewModel.swift */ = {isa = PBXFileReference; lastKnownFileType = sourcecode.swift; path = ImageViewModel.swift; sourceTree = "<group>"; };
		0EF5B5B628AF4E8600E18A71 /* Kakao-Map-Bridge-Header.h */ = {isa = PBXFileReference; lastKnownFileType = sourcecode.c.h; path = "Kakao-Map-Bridge-Header.h"; sourceTree = "<group>"; };
		0EF5B5B928AF4F1300E18A71 /* map_pinup_custom@3x.png */ = {isa = PBXFileReference; lastKnownFileType = image.png; path = "map_pinup_custom@3x.png"; sourceTree = "<group>"; };
		0EF5B5BA28AF4F1300E18A71 /* map_pin_custom.png */ = {isa = PBXFileReference; lastKnownFileType = image.png; path = map_pin_custom.png; sourceTree = "<group>"; };
		0EF5B5BB28AF4F1300E18A71 /* shadow_balloon.png */ = {isa = PBXFileReference; lastKnownFileType = image.png; path = shadow_balloon.png; sourceTree = "<group>"; };
		0EF5B5BC28AF4F1300E18A71 /* map_pinup.png */ = {isa = PBXFileReference; lastKnownFileType = image.png; path = map_pinup.png; sourceTree = "<group>"; };
		0EF5B5BD28AF4F1300E18A71 /* detail_button.png */ = {isa = PBXFileReference; lastKnownFileType = image.png; path = detail_button.png; sourceTree = "<group>"; };
		0EF5B5BE28AF4F1300E18A71 /* map_pin_custom@3x.png */ = {isa = PBXFileReference; lastKnownFileType = image.png; path = "map_pin_custom@3x.png"; sourceTree = "<group>"; };
		0EF5B5BF28AF4F1300E18A71 /* map_pinup@3x.png */ = {isa = PBXFileReference; lastKnownFileType = image.png; path = "map_pinup@3x.png"; sourceTree = "<group>"; };
		0EF5B5C028AF4F1300E18A71 /* map_pin_shadow@3x.png */ = {isa = PBXFileReference; lastKnownFileType = image.png; path = "map_pin_shadow@3x.png"; sourceTree = "<group>"; };
		0EF5B5C128AF4F1300E18A71 /* copyright.png */ = {isa = PBXFileReference; lastKnownFileType = image.png; path = copyright.png; sourceTree = "<group>"; };
		0EF5B5C228AF4F1300E18A71 /* th_line.png */ = {isa = PBXFileReference; lastKnownFileType = image.png; path = th_line.png; sourceTree = "<group>"; };
		0EF5B5C328AF4F1300E18A71 /* map_pin_red@3x.png */ = {isa = PBXFileReference; lastKnownFileType = image.png; path = "map_pin_red@3x.png"; sourceTree = "<group>"; };
		0EF5B5C428AF4F1300E18A71 /* daum_copyright.png */ = {isa = PBXFileReference; lastKnownFileType = image.png; path = daum_copyright.png; sourceTree = "<group>"; };
		0EF5B5C528AF4F1300E18A71 /* map_pin@3x.png */ = {isa = PBXFileReference; lastKnownFileType = image.png; path = "map_pin@3x.png"; sourceTree = "<group>"; };
		0EF5B5C628AF4F1300E18A71 /* map_present_tracking.png */ = {isa = PBXFileReference; lastKnownFileType = image.png; path = map_present_tracking.png; sourceTree = "<group>"; };
		0EF5B5C728AF4F1300E18A71 /* map_pin_red.png */ = {isa = PBXFileReference; lastKnownFileType = image.png; path = map_pin_red.png; sourceTree = "<group>"; };
		0EF5B5C928AF4F1300E18A71 /* MTMapPOIItem.h */ = {isa = PBXFileReference; fileEncoding = 4; lastKnownFileType = sourcecode.c.h; path = MTMapPOIItem.h; sourceTree = "<group>"; };
		0EF5B5CA28AF4F1300E18A71 /* MTMapCameraUpdate.h */ = {isa = PBXFileReference; fileEncoding = 4; lastKnownFileType = sourcecode.c.h; path = MTMapCameraUpdate.h; sourceTree = "<group>"; };
		0EF5B5CB28AF4F1300E18A71 /* MTMapReverseGeoCoder.h */ = {isa = PBXFileReference; fileEncoding = 4; lastKnownFileType = sourcecode.c.h; path = MTMapReverseGeoCoder.h; sourceTree = "<group>"; };
		0EF5B5CC28AF4F1300E18A71 /* MTMapPolyline.h */ = {isa = PBXFileReference; fileEncoding = 4; lastKnownFileType = sourcecode.c.h; path = MTMapPolyline.h; sourceTree = "<group>"; };
		0EF5B5CD28AF4F1300E18A71 /* MTMapLocationMarkerItem.h */ = {isa = PBXFileReference; fileEncoding = 4; lastKnownFileType = sourcecode.c.h; path = MTMapLocationMarkerItem.h; sourceTree = "<group>"; };
		0EF5B5CE28AF4F1300E18A71 /* MTMapView.h */ = {isa = PBXFileReference; fileEncoding = 4; lastKnownFileType = sourcecode.c.h; path = MTMapView.h; sourceTree = "<group>"; };
		0EF5B5CF28AF4F1300E18A71 /* MTMapGeometry.h */ = {isa = PBXFileReference; fileEncoding = 4; lastKnownFileType = sourcecode.c.h; path = MTMapGeometry.h; sourceTree = "<group>"; };
		0EF5B5D028AF4F1300E18A71 /* MTMapCircle.h */ = {isa = PBXFileReference; fileEncoding = 4; lastKnownFileType = sourcecode.c.h; path = MTMapCircle.h; sourceTree = "<group>"; };
		0EF5B5D128AF4F1300E18A71 /* info_box.png */ = {isa = PBXFileReference; lastKnownFileType = image.png; path = info_box.png; sourceTree = "<group>"; };
		0EF5B5D228AF4F1300E18A71 /* point_sprite.png */ = {isa = PBXFileReference; lastKnownFileType = image.png; path = point_sprite.png; sourceTree = "<group>"; };
		0EF5B5D328AF4F1300E18A71 /* map_pinup_custom.png */ = {isa = PBXFileReference; lastKnownFileType = image.png; path = map_pinup_custom.png; sourceTree = "<group>"; };
		0EF5B5D428AF4F1300E18A71 /* info_box_tail.png */ = {isa = PBXFileReference; lastKnownFileType = image.png; path = info_box_tail.png; sourceTree = "<group>"; };
		0EF5B5D528AF4F1300E18A71 /* noimage256.png */ = {isa = PBXFileReference; lastKnownFileType = image.png; path = noimage256.png; sourceTree = "<group>"; };
		0EF5B5D628AF4F1300E18A71 /* map_present_direction.png */ = {isa = PBXFileReference; lastKnownFileType = image.png; path = map_present_direction.png; sourceTree = "<group>"; };
		0EF5B5D728AF4F1300E18A71 /* map_pin.png */ = {isa = PBXFileReference; lastKnownFileType = image.png; path = map_pin.png; sourceTree = "<group>"; };
		0EF5B5D828AF4F1300E18A71 /* map_present.png */ = {isa = PBXFileReference; lastKnownFileType = image.png; path = map_present.png; sourceTree = "<group>"; };
		0EF5B5D928AF4F1300E18A71 /* noimage.png */ = {isa = PBXFileReference; lastKnownFileType = image.png; path = noimage.png; sourceTree = "<group>"; };
		0EF5B5DA28AF4F1300E18A71 /* map_present_background_update.png */ = {isa = PBXFileReference; lastKnownFileType = image.png; path = map_present_background_update.png; sourceTree = "<group>"; };
		0EF5B5DB28AF4F1300E18A71 /* daum_th_line.png */ = {isa = PBXFileReference; lastKnownFileType = image.png; path = daum_th_line.png; sourceTree = "<group>"; };
		0EF5B5DC28AF4F1300E18A71 /* map_pin_shadow.png */ = {isa = PBXFileReference; lastKnownFileType = image.png; path = map_pin_shadow.png; sourceTree = "<group>"; };
		0EF5B5DD28AF4F1300E18A71 /* DaumMap.framework */ = {isa = PBXFileReference; lastKnownFileType = wrapper.framework; path = DaumMap.framework; sourceTree = "<group>"; };
		0EF5B5FA28AF4F8900E18A71 /* OpenGLES.framework */ = {isa = PBXFileReference; lastKnownFileType = wrapper.framework; name = OpenGLES.framework; path = System/Library/Frameworks/OpenGLES.framework; sourceTree = SDKROOT; };
		0EF5B5FC28AF4FA000E18A71 /* SystemConfiguration.framework */ = {isa = PBXFileReference; lastKnownFileType = wrapper.framework; name = SystemConfiguration.framework; path = System/Library/Frameworks/SystemConfiguration.framework; sourceTree = SDKROOT; };
		0EF5B5FE28AF4FAB00E18A71 /* CoreLocation.framework */ = {isa = PBXFileReference; lastKnownFileType = wrapper.framework; name = CoreLocation.framework; path = System/Library/Frameworks/CoreLocation.framework; sourceTree = SDKROOT; };
		0EF5B60028AF4FB300E18A71 /* QuartzCore.framework */ = {isa = PBXFileReference; lastKnownFileType = wrapper.framework; name = QuartzCore.framework; path = System/Library/Frameworks/QuartzCore.framework; sourceTree = SDKROOT; };
		0EF5B60228AF4FC100E18A71 /* libc++.tbd */ = {isa = PBXFileReference; lastKnownFileType = "sourcecode.text-based-dylib-definition"; name = "libc++.tbd"; path = "usr/lib/libc++.tbd"; sourceTree = SDKROOT; };
		0EF5B60428AF4FDD00E18A71 /* libxml2.tbd */ = {isa = PBXFileReference; lastKnownFileType = "sourcecode.text-based-dylib-definition"; name = libxml2.tbd; path = usr/lib/libxml2.tbd; sourceTree = SDKROOT; };
		0EF5B60628AF4FEF00E18A71 /* libsqlite3.tbd */ = {isa = PBXFileReference; lastKnownFileType = "sourcecode.text-based-dylib-definition"; name = libsqlite3.tbd; path = usr/lib/libsqlite3.tbd; sourceTree = SDKROOT; };
		0EF5B60828AF643000E18A71 /* MapSearchView.storyboard */ = {isa = PBXFileReference; lastKnownFileType = file.storyboard; path = MapSearchView.storyboard; sourceTree = "<group>"; };
		0EF5B60C28AF662600E18A71 /* PostViewController.swift */ = {isa = PBXFileReference; lastKnownFileType = sourcecode.swift; path = PostViewController.swift; sourceTree = "<group>"; };
		0EF5B60E28AF66E500E18A71 /* MapSearchViewController.swift */ = {isa = PBXFileReference; lastKnownFileType = sourcecode.swift; path = MapSearchViewController.swift; sourceTree = "<group>"; };
		135B5E8CB5D395A17D6CCA1A /* Pods-BeHang.debug.xcconfig */ = {isa = PBXFileReference; includeInIndex = 1; lastKnownFileType = text.xcconfig; name = "Pods-BeHang.debug.xcconfig"; path = "Target Support Files/Pods-BeHang/Pods-BeHang.debug.xcconfig"; sourceTree = "<group>"; };
		706EB5F478540F20533D01EA /* Pods-BeHang.release.xcconfig */ = {isa = PBXFileReference; includeInIndex = 1; lastKnownFileType = text.xcconfig; name = "Pods-BeHang.release.xcconfig"; path = "Target Support Files/Pods-BeHang/Pods-BeHang.release.xcconfig"; sourceTree = "<group>"; };
		A2CCFCE1580A0A74C45ED25D /* Pods_BeHang.framework */ = {isa = PBXFileReference; explicitFileType = wrapper.framework; includeInIndex = 0; path = Pods_BeHang.framework; sourceTree = BUILT_PRODUCTS_DIR; };
/* End PBXFileReference section */

/* Begin PBXFrameworksBuildPhase section */
		0E7C928B2892DD2B00823A9E /* Frameworks */ = {
			isa = PBXFrameworksBuildPhase;
			buildActionMask = 2147483647;
			files = (
				0EF5B5F928AF4F1300E18A71 /* DaumMap.framework in Frameworks */,
				0EF5B60328AF4FD100E18A71 /* libc++.tbd in Frameworks */,
				0EF5B5FF28AF4FAB00E18A71 /* CoreLocation.framework in Frameworks */,
				0EF5B60728AF4FF700E18A71 /* libsqlite3.tbd in Frameworks */,
				0EF5B60128AF4FB300E18A71 /* QuartzCore.framework in Frameworks */,
				08652CEE8E7190F66B9209DB /* Pods_BeHang.framework in Frameworks */,
				0EF5B60528AF4FE500E18A71 /* libxml2.tbd in Frameworks */,
				0EF5B5FD28AF4FA000E18A71 /* SystemConfiguration.framework in Frameworks */,
				0EF5B5FB28AF4F8900E18A71 /* OpenGLES.framework in Frameworks */,
			);
			runOnlyForDeploymentPostprocessing = 0;
		};
/* End PBXFrameworksBuildPhase section */

/* Begin PBXGroup section */
		0E7C92852892DD2B00823A9E = {
			isa = PBXGroup;
			children = (
				0E7C92902892DD2B00823A9E /* BeHang */,
				0E7C928F2892DD2B00823A9E /* Products */,
				E3B0140CB2A1E25429BAB090 /* Pods */,
				CEE2BB79FD57A4361AAC3BB7 /* Frameworks */,
			);
			sourceTree = "<group>";
		};
		0E7C928F2892DD2B00823A9E /* Products */ = {
			isa = PBXGroup;
			children = (
				0E7C928E2892DD2B00823A9E /* BeHang.app */,
			);
			name = Products;
			sourceTree = "<group>";
		};
		0E7C92902892DD2B00823A9E /* BeHang */ = {
			isa = PBXGroup;
			children = (
				0EAC734628B0B95C00C7ED4F /* BeHang.entitlements */,
				0EF5B5B728AF4F1300E18A71 /* DaumMap.embeddedframework */,
				0E7C92932892DD2B00823A9E /* SceneDelegate.swift */,
				0E7C92912892DD2B00823A9E /* AppDelegate.swift */,
				0EA3B85E2899875B00CF2AD8 /* Models */,
				0E7C92A52893A05800823A9E /* View */,
				0E7C92A62893A06500823A9E /* Controllers */,
				0E7C929F2892DD2D00823A9E /* Info.plist */,
				0EA3B8552899857400CF2AD8 /* Assets */,
				0EF5B5B628AF4E8600E18A71 /* Kakao-Map-Bridge-Header.h */,
			);
			path = BeHang;
			sourceTree = "<group>";
		};
		0E7C92A52893A05800823A9E /* View */ = {
			isa = PBXGroup;
			children = (
				0EAC734D28B11EE900C7ED4F /* LaunchScreen.storyboard */,
				0EAC734928B11A1B00C7ED4F /* LaunchView.storyboard */,
				0E7C92972892DD2B00823A9E /* LoginView.storyboard */,
				0EAC735328B1298900C7ED4F /* Main.storyboard */,
				0E7C92AB2893A1B600823A9E /* HomeTab.storyboard */,
				0E6517C328A3ED95006F4917 /* PostView.storyboard */,
				0E6517C928A4129D006F4917 /* PostCollectionReusableView.swift */,
				0E8A880F2893C78C00E04853 /* UploadView.storyboard */,
				0E6517CD28A558B7006F4917 /* PlaceListView.storyboard */,
				0E7C92AD2893A1DB00823A9E /* MapTab.storyboard */,
				0EF5B60828AF643000E18A71 /* MapSearchView.storyboard */,
				0E7C92AF2893A1E500823A9E /* FlagTab.storyboard */,
				0E7C92B12893A1F000823A9E /* UserTab.storyboard */,
				0EBFEA4728A09CBC00B5340D /* SettingView.storyboard */,
			);
			path = View;
			sourceTree = "<group>";
		};
		0E7C92A62893A06500823A9E /* Controllers */ = {
			isa = PBXGroup;
			children = (
				0E7C92952892DD2B00823A9E /* ViewController.swift */,
				0EAC734B28B11A3A00C7ED4F /* LaunchViewController.swift */,
				0E7C92B32893A21300823A9E /* TabViewController.swift */,
				0EF5B60C28AF662600E18A71 /* PostViewController.swift */,
				0E7C92B52893A24000823A9E /* HomeViewController.swift */,
				0E7C92BF2893BEA300823A9E /* UploadViewController.swift */,
				0E8A88112895054900E04853 /* PlaceListViewController.swift */,
				0E7C92B72893A26900823A9E /* MapViewController.swift */,
				0EF5B60E28AF66E500E18A71 /* MapSearchViewController.swift */,
				0E7C92B92893A27800823A9E /* FlagViewController.swift */,
				0E7C92BB2893A28C00823A9E /* UserViewController.swift */,
				0EBFEA4928A09D2F00B5340D /* SettingViewController.swift */,
			);
			path = Controllers;
			sourceTree = "<group>";
		};
		0EA3B8552899857400CF2AD8 /* Assets */ = {
			isa = PBXGroup;
			children = (
				0E7C929A2892DD2D00823A9E /* Assets.xcassets */,
				0EA3B861289987FF00CF2AD8 /* Photos.xcassets */,
				0EA3B8632899880C00CF2AD8 /* Photos.plist */,
			);
			path = Assets;
			sourceTree = "<group>";
		};
		0EA3B85E2899875B00CF2AD8 /* Models */ = {
			isa = PBXGroup;
			children = (
				0E6517C728A40A98006F4917 /* PostPhotoCell.swift */,
				0E6517CF28A560D9006F4917 /* PhotoCell.swift */,
				0EBFEA4D28A1591100B5340D /* ImageInfo.swift */,
				0EBFEA4F28A159D800B5340D /* ImageViewModel.swift */,
				0E6517D328ACEC62006F4917 /* ListCell.swift */,
				0E6517D528AD275B006F4917 /* PlaceInfo.swift */,
				0EAA91ED28AE89DF00963AF1 /* LoadingCollectionView.swift */,
				0EAA91EE28AE89DF00963AF1 /* LoadingCollectionView.xib */,
				0E97832328B3A730007DFE30 /* SettingCell.swift */,
			);
			path = Models;
			sourceTree = "<group>";
		};
		0EF5B5B728AF4F1300E18A71 /* DaumMap.embeddedframework */ = {
			isa = PBXGroup;
			children = (
				0EF5B5B828AF4F1300E18A71 /* Resources */,
				0EF5B5DD28AF4F1300E18A71 /* DaumMap.framework */,
			);
			path = DaumMap.embeddedframework;
			sourceTree = "<group>";
		};
		0EF5B5B828AF4F1300E18A71 /* Resources */ = {
			isa = PBXGroup;
			children = (
				0EF5B5B928AF4F1300E18A71 /* map_pinup_custom@3x.png */,
				0EF5B5BA28AF4F1300E18A71 /* map_pin_custom.png */,
				0EF5B5BB28AF4F1300E18A71 /* shadow_balloon.png */,
				0EF5B5BC28AF4F1300E18A71 /* map_pinup.png */,
				0EF5B5BD28AF4F1300E18A71 /* detail_button.png */,
				0EF5B5BE28AF4F1300E18A71 /* map_pin_custom@3x.png */,
				0EF5B5BF28AF4F1300E18A71 /* map_pinup@3x.png */,
				0EF5B5C028AF4F1300E18A71 /* map_pin_shadow@3x.png */,
				0EF5B5C128AF4F1300E18A71 /* copyright.png */,
				0EF5B5C228AF4F1300E18A71 /* th_line.png */,
				0EF5B5C328AF4F1300E18A71 /* map_pin_red@3x.png */,
				0EF5B5C428AF4F1300E18A71 /* daum_copyright.png */,
				0EF5B5C528AF4F1300E18A71 /* map_pin@3x.png */,
				0EF5B5C628AF4F1300E18A71 /* map_present_tracking.png */,
				0EF5B5C728AF4F1300E18A71 /* map_pin_red.png */,
				0EF5B5C828AF4F1300E18A71 /* Headers */,
				0EF5B5D128AF4F1300E18A71 /* info_box.png */,
				0EF5B5D228AF4F1300E18A71 /* point_sprite.png */,
				0EF5B5D328AF4F1300E18A71 /* map_pinup_custom.png */,
				0EF5B5D428AF4F1300E18A71 /* info_box_tail.png */,
				0EF5B5D528AF4F1300E18A71 /* noimage256.png */,
				0EF5B5D628AF4F1300E18A71 /* map_present_direction.png */,
				0EF5B5D728AF4F1300E18A71 /* map_pin.png */,
				0EF5B5D828AF4F1300E18A71 /* map_present.png */,
				0EF5B5D928AF4F1300E18A71 /* noimage.png */,
				0EF5B5DA28AF4F1300E18A71 /* map_present_background_update.png */,
				0EF5B5DB28AF4F1300E18A71 /* daum_th_line.png */,
				0EF5B5DC28AF4F1300E18A71 /* map_pin_shadow.png */,
			);
			path = Resources;
			sourceTree = "<group>";
		};
		0EF5B5C828AF4F1300E18A71 /* Headers */ = {
			isa = PBXGroup;
			children = (
				0EF5B5C928AF4F1300E18A71 /* MTMapPOIItem.h */,
				0EF5B5CA28AF4F1300E18A71 /* MTMapCameraUpdate.h */,
				0EF5B5CB28AF4F1300E18A71 /* MTMapReverseGeoCoder.h */,
				0EF5B5CC28AF4F1300E18A71 /* MTMapPolyline.h */,
				0EF5B5CD28AF4F1300E18A71 /* MTMapLocationMarkerItem.h */,
				0EF5B5CE28AF4F1300E18A71 /* MTMapView.h */,
				0EF5B5CF28AF4F1300E18A71 /* MTMapGeometry.h */,
				0EF5B5D028AF4F1300E18A71 /* MTMapCircle.h */,
			);
			path = Headers;
			sourceTree = "<group>";
		};
		CEE2BB79FD57A4361AAC3BB7 /* Frameworks */ = {
			isa = PBXGroup;
			children = (
				0EF5B60628AF4FEF00E18A71 /* libsqlite3.tbd */,
				0EF5B60428AF4FDD00E18A71 /* libxml2.tbd */,
				0EF5B60228AF4FC100E18A71 /* libc++.tbd */,
				0EF5B60028AF4FB300E18A71 /* QuartzCore.framework */,
				0EF5B5FE28AF4FAB00E18A71 /* CoreLocation.framework */,
				0EF5B5FC28AF4FA000E18A71 /* SystemConfiguration.framework */,
				0EF5B5FA28AF4F8900E18A71 /* OpenGLES.framework */,
				A2CCFCE1580A0A74C45ED25D /* Pods_BeHang.framework */,
			);
			name = Frameworks;
			sourceTree = "<group>";
		};
		E3B0140CB2A1E25429BAB090 /* Pods */ = {
			isa = PBXGroup;
			children = (
				135B5E8CB5D395A17D6CCA1A /* Pods-BeHang.debug.xcconfig */,
				706EB5F478540F20533D01EA /* Pods-BeHang.release.xcconfig */,
			);
			path = Pods;
			sourceTree = "<group>";
		};
/* End PBXGroup section */

/* Begin PBXNativeTarget section */
		0E7C928D2892DD2B00823A9E /* BeHang */ = {
			isa = PBXNativeTarget;
			buildConfigurationList = 0E7C92A22892DD2D00823A9E /* Build configuration list for PBXNativeTarget "BeHang" */;
			buildPhases = (
				4DC7B21EE41BD88A3A55B739 /* [CP] Check Pods Manifest.lock */,
				0E7C928A2892DD2B00823A9E /* Sources */,
				0E7C928B2892DD2B00823A9E /* Frameworks */,
				0E7C928C2892DD2B00823A9E /* Resources */,
				EEB9E1B139BCE6B564F32092 /* [CP] Embed Pods Frameworks */,
			);
			buildRules = (
			);
			dependencies = (
			);
			name = BeHang;
			productName = BeHang;
			productReference = 0E7C928E2892DD2B00823A9E /* BeHang.app */;
			productType = "com.apple.product-type.application";
		};
/* End PBXNativeTarget section */

/* Begin PBXProject section */
		0E7C92862892DD2B00823A9E /* Project object */ = {
			isa = PBXProject;
			attributes = {
				BuildIndependentTargetsInParallel = 1;
				LastSwiftUpdateCheck = 1330;
				LastUpgradeCheck = 1330;
				TargetAttributes = {
					0E7C928D2892DD2B00823A9E = {
						CreatedOnToolsVersion = 13.3.1;
					};
				};
			};
			buildConfigurationList = 0E7C92892892DD2B00823A9E /* Build configuration list for PBXProject "BeHang" */;
			compatibilityVersion = "Xcode 13.0";
			developmentRegion = en;
			hasScannedForEncodings = 0;
			knownRegions = (
				en,
				Base,
			);
			mainGroup = 0E7C92852892DD2B00823A9E;
			productRefGroup = 0E7C928F2892DD2B00823A9E /* Products */;
			projectDirPath = "";
			projectRoot = "";
			targets = (
				0E7C928D2892DD2B00823A9E /* BeHang */,
			);
		};
/* End PBXProject section */

/* Begin PBXResourcesBuildPhase section */
		0E7C928C2892DD2B00823A9E /* Resources */ = {
			isa = PBXResourcesBuildPhase;
			buildActionMask = 2147483647;
			files = (
				0E7C92B02893A1E500823A9E /* FlagTab.storyboard in Resources */,
				0EF5B5E028AF4F1300E18A71 /* shadow_balloon.png in Resources */,
				0E8A88102893C78C00E04853 /* UploadView.storyboard in Resources */,
				0EF5B5E628AF4F1300E18A71 /* copyright.png in Resources */,
				0EF5B5DF28AF4F1300E18A71 /* map_pin_custom.png in Resources */,
				0EF5B5EC28AF4F1300E18A71 /* map_pin_red.png in Resources */,
				0EF5B5EE28AF4F1300E18A71 /* point_sprite.png in Resources */,
				0E6517CE28A558B7006F4917 /* PlaceListView.storyboard in Resources */,
				0EF5B5E428AF4F1300E18A71 /* map_pinup@3x.png in Resources */,
				0EF5B5EF28AF4F1300E18A71 /* map_pinup_custom.png in Resources */,
				0EF5B5E828AF4F1300E18A71 /* map_pin_red@3x.png in Resources */,
				0EF5B5F128AF4F1300E18A71 /* noimage256.png in Resources */,
				0EF5B5DE28AF4F1300E18A71 /* map_pinup_custom@3x.png in Resources */,
				0E7C929B2892DD2D00823A9E /* Assets.xcassets in Resources */,
				0EF5B5F228AF4F1300E18A71 /* map_present_direction.png in Resources */,
				0EF5B5F428AF4F1300E18A71 /* map_present.png in Resources */,
				0EAC734F28B11EE900C7ED4F /* LaunchScreen.storyboard in Resources */,
				0E7C92AC2893A1B600823A9E /* HomeTab.storyboard in Resources */,
				0EA3B8642899880C00CF2AD8 /* Photos.plist in Resources */,
				0E7C92AE2893A1DB00823A9E /* MapTab.storyboard in Resources */,
				0EF5B5EA28AF4F1300E18A71 /* map_pin@3x.png in Resources */,
				0EF5B5E528AF4F1300E18A71 /* map_pin_shadow@3x.png in Resources */,
				0E7C92992892DD2B00823A9E /* LoginView.storyboard in Resources */,
				0EF5B5F628AF4F1300E18A71 /* map_present_background_update.png in Resources */,
				0EAA91F028AE89DF00963AF1 /* LoadingCollectionView.xib in Resources */,
				0EA3B862289987FF00CF2AD8 /* Photos.xcassets in Resources */,
				0EF5B5E928AF4F1300E18A71 /* daum_copyright.png in Resources */,
				0EAC735428B1298900C7ED4F /* Main.storyboard in Resources */,
				0EF5B5ED28AF4F1300E18A71 /* info_box.png in Resources */,
				0EF5B5F728AF4F1300E18A71 /* daum_th_line.png in Resources */,
				0EF5B5F328AF4F1300E18A71 /* map_pin.png in Resources */,
				0EF5B5F528AF4F1300E18A71 /* noimage.png in Resources */,
				0EF5B5F828AF4F1300E18A71 /* map_pin_shadow.png in Resources */,
				0EF5B5F028AF4F1300E18A71 /* info_box_tail.png in Resources */,
				0EF5B5E728AF4F1300E18A71 /* th_line.png in Resources */,
				0EBFEA4828A09CBC00B5340D /* SettingView.storyboard in Resources */,
				0E7C92B22893A1F000823A9E /* UserTab.storyboard in Resources */,
				0EF5B5E228AF4F1300E18A71 /* detail_button.png in Resources */,
				0EF5B5E328AF4F1300E18A71 /* map_pin_custom@3x.png in Resources */,
				0EAC734A28B11A1B00C7ED4F /* LaunchView.storyboard in Resources */,
				0E6517C428A3ED95006F4917 /* PostView.storyboard in Resources */,
				0EF5B5E128AF4F1300E18A71 /* map_pinup.png in Resources */,
				0EF5B60928AF643000E18A71 /* MapSearchView.storyboard in Resources */,
				0EF5B5EB28AF4F1300E18A71 /* map_present_tracking.png in Resources */,
			);
			runOnlyForDeploymentPostprocessing = 0;
		};
/* End PBXResourcesBuildPhase section */

/* Begin PBXShellScriptBuildPhase section */
		4DC7B21EE41BD88A3A55B739 /* [CP] Check Pods Manifest.lock */ = {
			isa = PBXShellScriptBuildPhase;
			buildActionMask = 2147483647;
			files = (
			);
			inputFileListPaths = (
			);
			inputPaths = (
				"${PODS_PODFILE_DIR_PATH}/Podfile.lock",
				"${PODS_ROOT}/Manifest.lock",
			);
			name = "[CP] Check Pods Manifest.lock";
			outputFileListPaths = (
			);
			outputPaths = (
				"$(DERIVED_FILE_DIR)/Pods-BeHang-checkManifestLockResult.txt",
			);
			runOnlyForDeploymentPostprocessing = 0;
			shellPath = /bin/sh;
			shellScript = "diff \"${PODS_PODFILE_DIR_PATH}/Podfile.lock\" \"${PODS_ROOT}/Manifest.lock\" > /dev/null\nif [ $? != 0 ] ; then\n    # print error to STDERR\n    echo \"error: The sandbox is not in sync with the Podfile.lock. Run 'pod install' or update your CocoaPods installation.\" >&2\n    exit 1\nfi\n# This output is used by Xcode 'outputs' to avoid re-running this script phase.\necho \"SUCCESS\" > \"${SCRIPT_OUTPUT_FILE_0}\"\n";
			showEnvVarsInLog = 0;
		};
		EEB9E1B139BCE6B564F32092 /* [CP] Embed Pods Frameworks */ = {
			isa = PBXShellScriptBuildPhase;
			buildActionMask = 2147483647;
			files = (
			);
			inputFileListPaths = (
				"${PODS_ROOT}/Target Support Files/Pods-BeHang/Pods-BeHang-frameworks-${CONFIGURATION}-input-files.xcfilelist",
			);
			name = "[CP] Embed Pods Frameworks";
			outputFileListPaths = (
				"${PODS_ROOT}/Target Support Files/Pods-BeHang/Pods-BeHang-frameworks-${CONFIGURATION}-output-files.xcfilelist",
			);
			runOnlyForDeploymentPostprocessing = 0;
			shellPath = /bin/sh;
			shellScript = "\"${PODS_ROOT}/Target Support Files/Pods-BeHang/Pods-BeHang-frameworks.sh\"\n";
			showEnvVarsInLog = 0;
		};
/* End PBXShellScriptBuildPhase section */

/* Begin PBXSourcesBuildPhase section */
		0E7C928A2892DD2B00823A9E /* Sources */ = {
			isa = PBXSourcesBuildPhase;
			buildActionMask = 2147483647;
			files = (
				0E7C92B62893A24000823A9E /* HomeViewController.swift in Sources */,
				0EF5B60F28AF66E500E18A71 /* MapSearchViewController.swift in Sources */,
				0E7C92BC2893A28C00823A9E /* UserViewController.swift in Sources */,
				0E6517D628AD275C006F4917 /* PlaceInfo.swift in Sources */,
				0EAC734C28B11A3A00C7ED4F /* LaunchViewController.swift in Sources */,
				0EBFEA4A28A09D2F00B5340D /* SettingViewController.swift in Sources */,
				0E6517C828A40A98006F4917 /* PostPhotoCell.swift in Sources */,
				0E7C92B82893A26900823A9E /* MapViewController.swift in Sources */,
				0E6517CB28A4129D006F4917 /* PostCollectionReusableView.swift in Sources */,
				0E7C92B42893A21300823A9E /* TabViewController.swift in Sources */,
				0EF5B60D28AF662600E18A71 /* PostViewController.swift in Sources */,
				0EBFEA4E28A1591100B5340D /* ImageInfo.swift in Sources */,
				0E6517D028A560D9006F4917 /* PhotoCell.swift in Sources */,
				0E97832428B3A730007DFE30 /* SettingCell.swift in Sources */,
				0E7C92C02893BEA300823A9E /* UploadViewController.swift in Sources */,
				0E7C92962892DD2B00823A9E /* ViewController.swift in Sources */,
				0EBFEA5028A159D800B5340D /* ImageViewModel.swift in Sources */,
				0E8A88122895054900E04853 /* PlaceListViewController.swift in Sources */,
				0E7C92BA2893A27800823A9E /* FlagViewController.swift in Sources */,
				0E6517D428ACEC62006F4917 /* ListCell.swift in Sources */,
				0E7C92922892DD2B00823A9E /* AppDelegate.swift in Sources */,
				0E7C92942892DD2B00823A9E /* SceneDelegate.swift in Sources */,
				0EAA91EF28AE89DF00963AF1 /* LoadingCollectionView.swift in Sources */,
			);
			runOnlyForDeploymentPostprocessing = 0;
		};
/* End PBXSourcesBuildPhase section */

/* Begin PBXVariantGroup section */
		0E7C92972892DD2B00823A9E /* LoginView.storyboard */ = {
			isa = PBXVariantGroup;
			children = (
				0E7C92982892DD2B00823A9E /* Base */,
			);
			name = LoginView.storyboard;
			sourceTree = "<group>";
		};
		0EAC734D28B11EE900C7ED4F /* LaunchScreen.storyboard */ = {
			isa = PBXVariantGroup;
			children = (
				0EAC734E28B11EE900C7ED4F /* Base */,
			);
			name = LaunchScreen.storyboard;
			sourceTree = "<group>";
		};
/* End PBXVariantGroup section */

/* Begin XCBuildConfiguration section */
		0E7C92A02892DD2D00823A9E /* Debug */ = {
			isa = XCBuildConfiguration;
			buildSettings = {
				ALWAYS_SEARCH_USER_PATHS = NO;
				CLANG_ANALYZER_NONNULL = YES;
				CLANG_ANALYZER_NUMBER_OBJECT_CONVERSION = YES_AGGRESSIVE;
				CLANG_CXX_LANGUAGE_STANDARD = "gnu++17";
				CLANG_ENABLE_MODULES = YES;
				CLANG_ENABLE_OBJC_ARC = YES;
				CLANG_ENABLE_OBJC_WEAK = YES;
				CLANG_WARN_BLOCK_CAPTURE_AUTORELEASING = YES;
				CLANG_WARN_BOOL_CONVERSION = YES;
				CLANG_WARN_COMMA = YES;
				CLANG_WARN_CONSTANT_CONVERSION = YES;
				CLANG_WARN_DEPRECATED_OBJC_IMPLEMENTATIONS = YES;
				CLANG_WARN_DIRECT_OBJC_ISA_USAGE = YES_ERROR;
				CLANG_WARN_DOCUMENTATION_COMMENTS = YES;
				CLANG_WARN_EMPTY_BODY = YES;
				CLANG_WARN_ENUM_CONVERSION = YES;
				CLANG_WARN_INFINITE_RECURSION = YES;
				CLANG_WARN_INT_CONVERSION = YES;
				CLANG_WARN_NON_LITERAL_NULL_CONVERSION = YES;
				CLANG_WARN_OBJC_IMPLICIT_RETAIN_SELF = YES;
				CLANG_WARN_OBJC_LITERAL_CONVERSION = YES;
				CLANG_WARN_OBJC_ROOT_CLASS = YES_ERROR;
				CLANG_WARN_QUOTED_INCLUDE_IN_FRAMEWORK_HEADER = YES;
				CLANG_WARN_RANGE_LOOP_ANALYSIS = YES;
				CLANG_WARN_STRICT_PROTOTYPES = YES;
				CLANG_WARN_SUSPICIOUS_MOVE = YES;
				CLANG_WARN_UNGUARDED_AVAILABILITY = YES_AGGRESSIVE;
				CLANG_WARN_UNREACHABLE_CODE = YES;
				CLANG_WARN__DUPLICATE_METHOD_MATCH = YES;
				COPY_PHASE_STRIP = NO;
				DEBUG_INFORMATION_FORMAT = dwarf;
				ENABLE_STRICT_OBJC_MSGSEND = YES;
				ENABLE_TESTABILITY = YES;
				GCC_C_LANGUAGE_STANDARD = gnu11;
				GCC_DYNAMIC_NO_PIC = NO;
				GCC_NO_COMMON_BLOCKS = YES;
				GCC_OPTIMIZATION_LEVEL = 0;
				GCC_PREPROCESSOR_DEFINITIONS = (
					"DEBUG=1",
					"$(inherited)",
				);
				GCC_WARN_64_TO_32_BIT_CONVERSION = YES;
				GCC_WARN_ABOUT_RETURN_TYPE = YES_ERROR;
				GCC_WARN_UNDECLARED_SELECTOR = YES;
				GCC_WARN_UNINITIALIZED_AUTOS = YES_AGGRESSIVE;
				GCC_WARN_UNUSED_FUNCTION = YES;
				GCC_WARN_UNUSED_VARIABLE = YES;
				IPHONEOS_DEPLOYMENT_TARGET = 13.0;
				MTL_ENABLE_DEBUG_INFO = INCLUDE_SOURCE;
				MTL_FAST_MATH = YES;
				ONLY_ACTIVE_ARCH = YES;
				SDKROOT = iphoneos;
				SWIFT_ACTIVE_COMPILATION_CONDITIONS = DEBUG;
				SWIFT_OPTIMIZATION_LEVEL = "-Onone";
			};
			name = Debug;
		};
		0E7C92A12892DD2D00823A9E /* Release */ = {
			isa = XCBuildConfiguration;
			buildSettings = {
				ALWAYS_SEARCH_USER_PATHS = NO;
				CLANG_ANALYZER_NONNULL = YES;
				CLANG_ANALYZER_NUMBER_OBJECT_CONVERSION = YES_AGGRESSIVE;
				CLANG_CXX_LANGUAGE_STANDARD = "gnu++17";
				CLANG_ENABLE_MODULES = YES;
				CLANG_ENABLE_OBJC_ARC = YES;
				CLANG_ENABLE_OBJC_WEAK = YES;
				CLANG_WARN_BLOCK_CAPTURE_AUTORELEASING = YES;
				CLANG_WARN_BOOL_CONVERSION = YES;
				CLANG_WARN_COMMA = YES;
				CLANG_WARN_CONSTANT_CONVERSION = YES;
				CLANG_WARN_DEPRECATED_OBJC_IMPLEMENTATIONS = YES;
				CLANG_WARN_DIRECT_OBJC_ISA_USAGE = YES_ERROR;
				CLANG_WARN_DOCUMENTATION_COMMENTS = YES;
				CLANG_WARN_EMPTY_BODY = YES;
				CLANG_WARN_ENUM_CONVERSION = YES;
				CLANG_WARN_INFINITE_RECURSION = YES;
				CLANG_WARN_INT_CONVERSION = YES;
				CLANG_WARN_NON_LITERAL_NULL_CONVERSION = YES;
				CLANG_WARN_OBJC_IMPLICIT_RETAIN_SELF = YES;
				CLANG_WARN_OBJC_LITERAL_CONVERSION = YES;
				CLANG_WARN_OBJC_ROOT_CLASS = YES_ERROR;
				CLANG_WARN_QUOTED_INCLUDE_IN_FRAMEWORK_HEADER = YES;
				CLANG_WARN_RANGE_LOOP_ANALYSIS = YES;
				CLANG_WARN_STRICT_PROTOTYPES = YES;
				CLANG_WARN_SUSPICIOUS_MOVE = YES;
				CLANG_WARN_UNGUARDED_AVAILABILITY = YES_AGGRESSIVE;
				CLANG_WARN_UNREACHABLE_CODE = YES;
				CLANG_WARN__DUPLICATE_METHOD_MATCH = YES;
				COPY_PHASE_STRIP = NO;
				DEBUG_INFORMATION_FORMAT = "dwarf-with-dsym";
				ENABLE_NS_ASSERTIONS = NO;
				ENABLE_STRICT_OBJC_MSGSEND = YES;
				GCC_C_LANGUAGE_STANDARD = gnu11;
				GCC_NO_COMMON_BLOCKS = YES;
				GCC_WARN_64_TO_32_BIT_CONVERSION = YES;
				GCC_WARN_ABOUT_RETURN_TYPE = YES_ERROR;
				GCC_WARN_UNDECLARED_SELECTOR = YES;
				GCC_WARN_UNINITIALIZED_AUTOS = YES_AGGRESSIVE;
				GCC_WARN_UNUSED_FUNCTION = YES;
				GCC_WARN_UNUSED_VARIABLE = YES;
				IPHONEOS_DEPLOYMENT_TARGET = 13.0;
				MTL_ENABLE_DEBUG_INFO = NO;
				MTL_FAST_MATH = YES;
				SDKROOT = iphoneos;
				SWIFT_COMPILATION_MODE = wholemodule;
				SWIFT_OPTIMIZATION_LEVEL = "-O";
				VALIDATE_PRODUCT = YES;
			};
			name = Release;
		};
		0E7C92A32892DD2D00823A9E /* Debug */ = {
			isa = XCBuildConfiguration;
			baseConfigurationReference = 135B5E8CB5D395A17D6CCA1A /* Pods-BeHang.debug.xcconfig */;
			buildSettings = {
				ALLOW_TARGET_PLATFORM_SPECIALIZATION = NO;
				ASSETCATALOG_COMPILER_APPICON_NAME = AppIcon;
				ASSETCATALOG_COMPILER_GLOBAL_ACCENT_COLOR_NAME = AccentColor;
				CLANG_ENABLE_OBJC_ARC = NO;
				CODE_SIGN_ENTITLEMENTS = BeHang/BeHang.entitlements;
				CODE_SIGN_STYLE = Automatic;
				CURRENT_PROJECT_VERSION = 1;
				DEVELOPMENT_TEAM = C9U8778A7W;
				EXCLUDED_ARCHS = "";
				FRAMEWORK_SEARCH_PATHS = (
					"$(inherited)",
					"$(PROJECT_DIR)/BeHang/DaumMap.embeddedframework",
				);
				GENERATE_INFOPLIST_FILE = YES;
				INFOPLIST_FILE = BeHang/Info.plist;
				INFOPLIST_KEY_CFBundleDisplayName = "비행";
				INFOPLIST_KEY_NSPhotoLibraryUsageDescription = "업로드할 사진 선택을 위해 사용자의 앨범에 접근합니다.";
				INFOPLIST_KEY_UIApplicationSupportsIndirectInputEvents = YES;
				INFOPLIST_KEY_UILaunchStoryboardName = LaunchScreen;
				INFOPLIST_KEY_UIMainStoryboardFile = LaunchView;
				INFOPLIST_KEY_UISupportedInterfaceOrientations_iPad = "UIInterfaceOrientationPortrait UIInterfaceOrientationPortraitUpsideDown UIInterfaceOrientationLandscapeLeft UIInterfaceOrientationLandscapeRight";
				INFOPLIST_KEY_UISupportedInterfaceOrientations_iPhone = "UIInterfaceOrientationPortrait UIInterfaceOrientationLandscapeLeft UIInterfaceOrientationLandscapeRight";
				INFOPLIST_KEY_UIUserInterfaceStyle = Light;
				LD_RUNPATH_SEARCH_PATHS = (
					"$(inherited)",
					"@executable_path/Frameworks",
				);
				MARKETING_VERSION = 1.0;
				PRODUCT_BUNDLE_IDENTIFIER = com.taehyun.BeHang;
				PRODUCT_NAME = "$(TARGET_NAME)";
				SWIFT_EMIT_LOC_STRINGS = YES;
				SWIFT_OBJC_BRIDGING_HEADER = "/Users/kimtaehyun/Desktop/ios/Development/BeHang/BeHang/Kakao-Map-Bridge-Header.h";
				SWIFT_VERSION = 5.0;
				TARGETED_DEVICE_FAMILY = "1,2";
			};
			name = Debug;
		};
		0E7C92A42892DD2D00823A9E /* Release */ = {
			isa = XCBuildConfiguration;
			baseConfigurationReference = 706EB5F478540F20533D01EA /* Pods-BeHang.release.xcconfig */;
			buildSettings = {
				ALLOW_TARGET_PLATFORM_SPECIALIZATION = NO;
				ASSETCATALOG_COMPILER_APPICON_NAME = AppIcon;
				ASSETCATALOG_COMPILER_GLOBAL_ACCENT_COLOR_NAME = AccentColor;
				CLANG_ENABLE_OBJC_ARC = NO;
				CODE_SIGN_ENTITLEMENTS = BeHang/BeHang.entitlements;
				CODE_SIGN_STYLE = Automatic;
				CURRENT_PROJECT_VERSION = 1;
				DEVELOPMENT_TEAM = C9U8778A7W;
				EXCLUDED_ARCHS = "";
				FRAMEWORK_SEARCH_PATHS = (
					"$(inherited)",
					"$(PROJECT_DIR)/BeHang/DaumMap.embeddedframework",
				);
				GENERATE_INFOPLIST_FILE = YES;
				INFOPLIST_FILE = BeHang/Info.plist;
				INFOPLIST_KEY_CFBundleDisplayName = "비행";
				INFOPLIST_KEY_NSPhotoLibraryUsageDescription = "업로드할 사진 선택을 위해 사용자의 앨범에 접근합니다.";
				INFOPLIST_KEY_UIApplicationSupportsIndirectInputEvents = YES;
				INFOPLIST_KEY_UILaunchStoryboardName = LaunchScreen;
				INFOPLIST_KEY_UIMainStoryboardFile = LaunchView;
				INFOPLIST_KEY_UISupportedInterfaceOrientations_iPad = "UIInterfaceOrientationPortrait UIInterfaceOrientationPortraitUpsideDown UIInterfaceOrientationLandscapeLeft UIInterfaceOrientationLandscapeRight";
				INFOPLIST_KEY_UISupportedInterfaceOrientations_iPhone = "UIInterfaceOrientationPortrait UIInterfaceOrientationLandscapeLeft UIInterfaceOrientationLandscapeRight";
				INFOPLIST_KEY_UIUserInterfaceStyle = Light;
				LD_RUNPATH_SEARCH_PATHS = (
					"$(inherited)",
					"@executable_path/Frameworks",
				);
				MARKETING_VERSION = 1.0;
				PRODUCT_BUNDLE_IDENTIFIER = com.taehyun.BeHang;
				PRODUCT_NAME = "$(TARGET_NAME)";
				SWIFT_EMIT_LOC_STRINGS = YES;
				SWIFT_OBJC_BRIDGING_HEADER = "/Users/kimtaehyun/Desktop/ios/Development/BeHang/BeHang/Kakao-Map-Bridge-Header.h";
				SWIFT_VERSION = 5.0;
				TARGETED_DEVICE_FAMILY = "1,2";
			};
			name = Release;
		};
/* End XCBuildConfiguration section */

/* Begin XCConfigurationList section */
		0E7C92892892DD2B00823A9E /* Build configuration list for PBXProject "BeHang" */ = {
			isa = XCConfigurationList;
			buildConfigurations = (
				0E7C92A02892DD2D00823A9E /* Debug */,
				0E7C92A12892DD2D00823A9E /* Release */,
			);
			defaultConfigurationIsVisible = 0;
			defaultConfigurationName = Release;
		};
		0E7C92A22892DD2D00823A9E /* Build configuration list for PBXNativeTarget "BeHang" */ = {
			isa = XCConfigurationList;
			buildConfigurations = (
				0E7C92A32892DD2D00823A9E /* Debug */,
				0E7C92A42892DD2D00823A9E /* Release */,
			);
			defaultConfigurationIsVisible = 0;
			defaultConfigurationName = Release;
		};
/* End XCConfigurationList section */
	};
	rootObject = 0E7C92862892DD2B00823A9E /* Project object */;
}
